
Microsoft Visual Studio Solution File, Format Version 12.00
# Visual Studio Version 17
VisualStudioVersion = 17.13.36105.23 d17.13
MinimumVisualStudioVersion = 10.0.40219.1
Project("{FAE04EC0-301F-11D3-BF4B-00C04F79EFBC}") = "ProductService", "ProductService.csproj", "{A8C0CEFA-2D7E-45EA-B3F1-00E9516DD613}"
EndProject
Global
	GlobalSection(SolutionConfigurationPlatforms) = preSolution
		Debug|Any CPU = Debug|Any CPU
		Release|Any CPU = Release|Any CPU
	EndGlobalSection
	GlobalSection(ProjectConfigurationPlatforms) = postSolution
		{A8C0CEFA-2D7E-45EA-B3F1-00E9516DD613}.Debug|Any CPU.ActiveCfg = Debug|Any CPU
		{A8C0CEFA-2D7E-45EA-B3F1-00E9516DD613}.Debug|Any CPU.Build.0 = Debug|Any CPU
		{A8C0CEFA-2D7E-45EA-B3F1-00E9516DD613}.Release|Any CPU.ActiveCfg = Release|Any CPU
		{A8C0CEFA-2D7E-45EA-B3F1-00E9516DD613}.Release|Any CPU.Build.0 = Release|Any CPU
	EndGlobalSection
	GlobalSection(SolutionProperties) = preSolution
		HideSolutionNode = FALSE
	EndGlobalSection
	GlobalSection(ExtensibilityGlobals) = postSolution
		SolutionGuid = {FEBB520C-55F1-4C3F-B4CD-54655288C26D}
	EndGlobalSection
EndGlobal
