
Microsoft Visual Studio Solution File, Format Version 12.00
# Visual Studio Version 17
VisualStudioVersion = 17.13.36105.23 d17.13
MinimumVisualStudioVersion = 10.0.40219.1
Project("{FAE04EC0-301F-11D3-BF4B-00C04F79EFBC}") = "AgriEnergyConnectMVC", "AgriEnergyConnectMVC.csproj", "{950F525E-2962-4E19-8946-C913BF753FF0}"
EndProject
Global
	GlobalSection(SolutionConfigurationPlatforms) = preSolution
		Debug|Any CPU = Debug|Any CPU
		Release|Any CPU = Release|Any CPU
	EndGlobalSection
	GlobalSection(ProjectConfigurationPlatforms) = postSolution
		{950F525E-2962-4E19-8946-C913BF753FF0}.Debug|Any CPU.ActiveCfg = Debug|Any CPU
		{950F525E-2962-4E19-8946-C913BF753FF0}.Debug|Any CPU.Build.0 = Debug|Any CPU
		{950F525E-2962-4E19-8946-C913BF753FF0}.Release|Any CPU.ActiveCfg = Release|Any CPU
		{950F525E-2962-4E19-8946-C913BF753FF0}.Release|Any CPU.Build.0 = Release|Any CPU
	EndGlobalSection
	GlobalSection(SolutionProperties) = preSolution
		HideSolutionNode = FALSE
	EndGlobalSection
	GlobalSection(ExtensibilityGlobals) = postSolution
		SolutionGuid = {7248EF77-508B-411B-B274-BCC9CA982C6B}
	EndGlobalSection
EndGlobal
